
Microsoft Visual Studio Solution File, Format Version 12.00
# Visual Studio 15
VisualStudioVersion = 15.0.28307.329
MinimumVisualStudioVersion = 10.0.40219.1
Project("{FAE04EC0-301F-11D3-BF4B-00C04F79EFBC}") = "gestionListes", "gestionListes\gestionListes.csproj", "{42EA3848-9560-4969-9D54-EB2CF43DAFA9}"
EndProject
Global
	GlobalSection(SolutionConfigurationPlatforms) = preSolution
		Debug|Any CPU = Debug|Any CPU
		Release|Any CPU = Release|Any CPU
	EndGlobalSection
	GlobalSection(ProjectConfigurationPlatforms) = postSolution
		{42EA3848-9560-4969-9D54-EB2CF43DAFA9}.Debug|Any CPU.ActiveCfg = Debug|Any CPU
		{42EA3848-9560-4969-9D54-EB2CF43DAFA9}.Debug|Any CPU.Build.0 = Debug|Any CPU
		{42EA3848-9560-4969-9D54-EB2CF43DAFA9}.Release|Any CPU.ActiveCfg = Release|Any CPU
		{42EA3848-9560-4969-9D54-EB2CF43DAFA9}.Release|Any CPU.Build.0 = Release|Any CPU
	EndGlobalSection
	GlobalSection(SolutionProperties) = preSolution
		HideSolutionNode = FALSE
	EndGlobalSection
	GlobalSection(ExtensibilityGlobals) = postSolution
		SolutionGuid = {51F070F4-C4FD-45C3-8B80-2FD477C5B74D}
	EndGlobalSection
EndGlobal
