
Microsoft Visual Studio Solution File, Format Version 12.00
# Visual Studio 15
VisualStudioVersion = 15.0.28307.329
MinimumVisualStudioVersion = 10.0.40219.1
Project("{FAE04EC0-301F-11D3-BF4B-00C04F79EFBC}") = "pendu", "pendu\pendu.csproj", "{094FCCCF-FAC3-4715-942A-E75846DEAF22}"
EndProject
Global
	GlobalSection(SolutionConfigurationPlatforms) = preSolution
		Debug|Any CPU = Debug|Any CPU
		Release|Any CPU = Release|Any CPU
	EndGlobalSection
	GlobalSection(ProjectConfigurationPlatforms) = postSolution
		{094FCCCF-FAC3-4715-942A-E75846DEAF22}.Debug|Any CPU.ActiveCfg = Debug|Any CPU
		{094FCCCF-FAC3-4715-942A-E75846DEAF22}.Debug|Any CPU.Build.0 = Debug|Any CPU
		{094FCCCF-FAC3-4715-942A-E75846DEAF22}.Release|Any CPU.ActiveCfg = Release|Any CPU
		{094FCCCF-FAC3-4715-942A-E75846DEAF22}.Release|Any CPU.Build.0 = Release|Any CPU
	EndGlobalSection
	GlobalSection(SolutionProperties) = preSolution
		HideSolutionNode = FALSE
	EndGlobalSection
	GlobalSection(ExtensibilityGlobals) = postSolution
		SolutionGuid = {48DBC5F5-EB5D-4E16-8754-07A03CBC99A0}
	EndGlobalSection
EndGlobal
