
Microsoft Visual Studio Solution File, Format Version 12.00
# Visual Studio 15
VisualStudioVersion = 15.0.28307.329
MinimumVisualStudioVersion = 10.0.40219.1
Project("{FAE04EC0-301F-11D3-BF4B-00C04F79EFBC}") = "updatecomptoir", "updatecomptoir\updatecomptoir.csproj", "{2E4D1FD2-F801-4478-B71D-4D006480A15E}"
EndProject
Global
	GlobalSection(SolutionConfigurationPlatforms) = preSolution
		Debug|Any CPU = Debug|Any CPU
		Release|Any CPU = Release|Any CPU
	EndGlobalSection
	GlobalSection(ProjectConfigurationPlatforms) = postSolution
		{2E4D1FD2-F801-4478-B71D-4D006480A15E}.Debug|Any CPU.ActiveCfg = Debug|Any CPU
		{2E4D1FD2-F801-4478-B71D-4D006480A15E}.Debug|Any CPU.Build.0 = Debug|Any CPU
		{2E4D1FD2-F801-4478-B71D-4D006480A15E}.Release|Any CPU.ActiveCfg = Release|Any CPU
		{2E4D1FD2-F801-4478-B71D-4D006480A15E}.Release|Any CPU.Build.0 = Release|Any CPU
	EndGlobalSection
	GlobalSection(SolutionProperties) = preSolution
		HideSolutionNode = FALSE
	EndGlobalSection
	GlobalSection(ExtensibilityGlobals) = postSolution
		SolutionGuid = {BFA93B17-0E66-4EE1-A145-E5490259A1C3}
	EndGlobalSection
EndGlobal
